lockfileVersion: '9.0'

settings:
  autoInstallPeers: true
  excludeLinksFromLockfile: false

importers:

  .:
    dependencies:
      '@adaptivelink/pops':
        specifier: 0.5.8
        version: 0.5.8
      aws4fetch:
        specifier: 1.0.20
        version: 1.0.20
    devDependencies:
      '@rollup/plugin-commonjs':
        specifier: 28.0.8
        version: 28.0.8(rollup@4.55.2)
      '@rollup/plugin-node-resolve':
        specifier: 16.0.3
        version: 16.0.3(rollup@4.55.2)
      '@rollup/plugin-terser':
        specifier: 0.4.4
        version: 0.4.4(rollup@4.55.2)
      prettier:
        specifier: 3.8.0
        version: 3.8.0
      rollup:
        specifier: 4.55.2
        version: 4.55.2
      rollup-plugin-cleanup:
        specifier: 3.2.1
        version: 3.2.1(rollup@4.55.2)

packages:

  '@adaptivelink/pops@0.5.8':
    resolution: {integrity: sha512-AvhUgeD+qjKbDHQLI4IuxXmE99DI39UmCDKOWLPoeCDpOB0m1H2Tef7GVWaLxKf7Gok6qbSpRr2VZaHNYonvNw==}

  '@jridgewell/gen-mapping@0.3.13':
    resolution: {integrity: sha512-2kkt/7niJ6MgEPxF0bYdQ6etZaA+fQvDcLKckhy1yIQOzaoKjBBjSj63/aLVjYE3qhRt5dvM+uUyfCg6UKCBbA==}

  '@jridgewell/resolve-uri@3.1.0':
    resolution: {integrity: sha512-F2msla3tad+Mfht5cJq7LSXcdudKTWCVYUgw6pLFOOHSTtZlj6SWNYAp+AhuqLmWdBO2X5hPrLcu8cVP8fy28w==}
    engines: {node: '>=6.0.0'}

  '@jridgewell/source-map@0.3.11':
    resolution: {integrity: sha512-ZMp1V8ZFcPG5dIWnQLr3NSI1MiCU7UETdS/A0G8V/XWHvJv3ZsFqutJn1Y5RPmAPX6F3BiE397OqveU/9NCuIA==}

  '@jridgewell/sourcemap-codec@1.5.0':
    resolution: {integrity: sha512-gv3ZRaISU3fjPAgNsriBRqGWQL6quFx04YMPW/zD8XMLsU32mhCCbfbO6KZFLjvYpCZ8zyDEgqsgf+PwPaM7GQ==}

  '@jridgewell/trace-mapping@0.3.31':
    resolution: {integrity: sha512-zzNR+SdQSDJzc8joaeP8QQoCQr8NuYx2dIIytl1QeBEZHJ9uW6hebsrYgbz8hJwUQao3TWCMtmfV8Nu1twOLAw==}

  '@rollup/plugin-commonjs@28.0.8':
    resolution: {integrity: sha512-o1Ug9PxYsF61R7/NXO/GgMZZproLd/WH2XA53Tp9ppf6bU1lMlTtC/gUM6zM3mesi2E0rypk+PNtVrELREyWEQ==}
    engines: {node: '>=16.0.0 || 14 >= 14.17'}
    peerDependencies:
      rollup: ^2.68.0||^3.0.0||^4.0.0
    peerDependenciesMeta:
      rollup:
        optional: true

  '@rollup/plugin-node-resolve@16.0.3':
    resolution: {integrity: sha512-lUYM3UBGuM93CnMPG1YocWu7X802BrNF3jW2zny5gQyLQgRFJhV1Sq0Zi74+dh/6NBx1DxFC4b4GXg9wUCG5Qg==}
    engines: {node: '>=14.0.0'}
    peerDependencies:
      rollup: ^2.78.0||^3.0.0||^4.0.0
    peerDependenciesMeta:
      rollup:
        optional: true

  '@rollup/plugin-terser@0.4.4':
    resolution: {integrity: sha512-XHeJC5Bgvs8LfukDwWZp7yeqin6ns8RTl2B9avbejt6tZqsqvVoWI7ZTQrcNsfKEDWBTnTxM8nMDkO2IFFbd0A==}
    engines: {node: '>=14.0.0'}
    peerDependencies:
      rollup: ^2.0.0||^3.0.0||^4.0.0
    peerDependenciesMeta:
      rollup:
        optional: true

  '@rollup/pluginutils@5.3.0':
    resolution: {integrity: sha512-5EdhGZtnu3V88ces7s53hhfK5KSASnJZv8Lulpc04cWO3REESroJXg73DFsOmgbU2BhwV0E20bu2IDZb3VKW4Q==}
    engines: {node: '>=14.0.0'}
    peerDependencies:
      rollup: ^1.20.0||^2.0.0||^3.0.0||^4.0.0
    peerDependenciesMeta:
      rollup:
        optional: true

  '@rollup/rollup-android-arm-eabi@4.55.2':
    resolution: {integrity: sha512-21J6xzayjy3O6NdnlO6aXi/urvSRjm6nCI6+nF6ra2YofKruGixN9kfT+dt55HVNwfDmpDHJcaS3JuP/boNnlA==}
    cpu: [arm]
    os: [android]

  '@rollup/rollup-android-arm64@4.55.2':
    resolution: {integrity: sha512-eXBg7ibkNUZ+sTwbFiDKou0BAckeV6kIigK7y5Ko4mB/5A1KLhuzEKovsmfvsL8mQorkoincMFGnQuIT92SKqA==}
    cpu: [arm64]
    os: [android]

  '@rollup/rollup-darwin-arm64@4.55.2':
    resolution: {integrity: sha512-UCbaTklREjrc5U47ypLulAgg4njaqfOVLU18VrCrI+6E5MQjuG0lSWaqLlAJwsD7NpFV249XgB0Bi37Zh5Sz4g==}
    cpu: [arm64]
    os: [darwin]

  '@rollup/rollup-darwin-x64@4.55.2':
    resolution: {integrity: sha512-dP67MA0cCMHFT2g5XyjtpVOtp7y4UyUxN3dhLdt11at5cPKnSm4lY+EhwNvDXIMzAMIo2KU+mc9wxaAQJTn7sQ==}
    cpu: [x64]
    os: [darwin]

  '@rollup/rollup-freebsd-arm64@4.55.2':
    resolution: {integrity: sha512-WDUPLUwfYV9G1yxNRJdXcvISW15mpvod1Wv3ok+Ws93w1HjIVmCIFxsG2DquO+3usMNCpJQ0wqO+3GhFdl6Fow==}
    cpu: [arm64]
    os: [freebsd]

  '@rollup/rollup-freebsd-x64@4.55.2':
    resolution: {integrity: sha512-Ng95wtHVEulRwn7R0tMrlUuiLVL/HXA8Lt/MYVpy88+s5ikpntzZba1qEulTuPnPIZuOPcW9wNEiqvZxZmgmqQ==}
    cpu: [x64]
    os: [freebsd]

  '@rollup/rollup-linux-arm-gnueabihf@4.55.2':
    resolution: {integrity: sha512-AEXMESUDWWGqD6LwO/HkqCZgUE1VCJ1OhbvYGsfqX2Y6w5quSXuyoy/Fg3nRqiwro+cJYFxiw5v4kB2ZDLhxrw==}
    cpu: [arm]
    os: [linux]

  '@rollup/rollup-linux-arm-musleabihf@4.55.2':
    resolution: {integrity: sha512-ZV7EljjBDwBBBSv570VWj0hiNTdHt9uGznDtznBB4Caj3ch5rgD4I2K1GQrtbvJ/QiB+663lLgOdcADMNVC29Q==}
    cpu: [arm]
    os: [linux]

  '@rollup/rollup-linux-arm64-gnu@4.55.2':
    resolution: {integrity: sha512-uvjwc8NtQVPAJtq4Tt7Q49FOodjfbf6NpqXyW/rjXoV+iZ3EJAHLNAnKT5UJBc6ffQVgmXTUL2ifYiLABlGFqA==}
    cpu: [arm64]
    os: [linux]

  '@rollup/rollup-linux-arm64-musl@4.55.2':
    resolution: {integrity: sha512-s3KoWVNnye9mm/2WpOZ3JeUiediUVw6AvY/H7jNA6qgKA2V2aM25lMkVarTDfiicn/DLq3O0a81jncXszoyCFA==}
    cpu: [arm64]
    os: [linux]

  '@rollup/rollup-linux-loong64-gnu@4.55.2':
    resolution: {integrity: sha512-gi21faacK+J8aVSyAUptML9VQN26JRxe484IbF+h3hpG+sNVoMXPduhREz2CcYr5my0NE3MjVvQ5bMKX71pfVA==}
    cpu: [loong64]
    os: [linux]

  '@rollup/rollup-linux-loong64-musl@4.55.2':
    resolution: {integrity: sha512-qSlWiXnVaS/ceqXNfnoFZh4IiCA0EwvCivivTGbEu1qv2o+WTHpn1zNmCTAoOG5QaVr2/yhCoLScQtc/7RxshA==}
    cpu: [loong64]
    os: [linux]

  '@rollup/rollup-linux-ppc64-gnu@4.55.2':
    resolution: {integrity: sha512-rPyuLFNoF1B0+wolH277E780NUKf+KoEDb3OyoLbAO18BbeKi++YN6gC/zuJoPPDlQRL3fIxHxCxVEWiem2yXw==}
    cpu: [ppc64]
    os: [linux]

  '@rollup/rollup-linux-ppc64-musl@4.55.2':
    resolution: {integrity: sha512-g+0ZLMook31iWV4PvqKU0i9E78gaZgYpSrYPed/4Bu+nGTgfOPtfs1h11tSSRPXSjC5EzLTjV/1A7L2Vr8pJoQ==}
    cpu: [ppc64]
    os: [linux]

  '@rollup/rollup-linux-riscv64-gnu@4.55.2':
    resolution: {integrity: sha512-i+sGeRGsjKZcQRh3BRfpLsM3LX3bi4AoEVqmGDyc50L6KfYsN45wVCSz70iQMwPWr3E5opSiLOwsC9WB4/1pqg==}
    cpu: [riscv64]
    os: [linux]

  '@rollup/rollup-linux-riscv64-musl@4.55.2':
    resolution: {integrity: sha512-C1vLcKc4MfFV6I0aWsC7B2Y9QcsiEcvKkfxprwkPfLaN8hQf0/fKHwSF2lcYzA9g4imqnhic729VB9Fo70HO3Q==}
    cpu: [riscv64]
    os: [linux]

  '@rollup/rollup-linux-s390x-gnu@4.55.2':
    resolution: {integrity: sha512-68gHUK/howpQjh7g7hlD9DvTTt4sNLp1Bb+Yzw2Ki0xvscm2cOdCLZNJNhd2jW8lsTPrHAHuF751BygifW4bkQ==}
    cpu: [s390x]
    os: [linux]

  '@rollup/rollup-linux-x64-gnu@4.55.2':
    resolution: {integrity: sha512-1e30XAuaBP1MAizaOBApsgeGZge2/Byd6wV4a8oa6jPdHELbRHBiw7wvo4dp7Ie2PE8TZT4pj9RLGZv9N4qwlw==}
    cpu: [x64]
    os: [linux]

  '@rollup/rollup-linux-x64-musl@4.55.2':
    resolution: {integrity: sha512-4BJucJBGbuGnH6q7kpPqGJGzZnYrpAzRd60HQSt3OpX/6/YVgSsJnNzR8Ot74io50SeVT4CtCWe/RYIAymFPwA==}
    cpu: [x64]
    os: [linux]

  '@rollup/rollup-openbsd-x64@4.55.2':
    resolution: {integrity: sha512-cT2MmXySMo58ENv8p6/O6wI/h/gLnD3D6JoajwXFZH6X9jz4hARqUhWpGuQhOgLNXscfZYRQMJvZDtWNzMAIDw==}
    cpu: [x64]
    os: [openbsd]

  '@rollup/rollup-openharmony-arm64@4.55.2':
    resolution: {integrity: sha512-sZnyUgGkuzIXaK3jNMPmUIyJrxu/PjmATQrocpGA1WbCPX8H5tfGgRSuYtqBYAvLuIGp8SPRb1O4d1Fkb5fXaQ==}
    cpu: [arm64]
    os: [openharmony]

  '@rollup/rollup-win32-arm64-msvc@4.55.2':
    resolution: {integrity: sha512-sDpFbenhmWjNcEbBcoTV0PWvW5rPJFvu+P7XoTY0YLGRupgLbFY0XPfwIbJOObzO7QgkRDANh65RjhPmgSaAjQ==}
    cpu: [arm64]
    os: [win32]

  '@rollup/rollup-win32-ia32-msvc@4.55.2':
    resolution: {integrity: sha512-GvJ03TqqaweWCigtKQVBErw2bEhu1tyfNQbarwr94wCGnczA9HF8wqEe3U/Lfu6EdeNP0p6R+APeHVwEqVxpUQ==}
    cpu: [ia32]
    os: [win32]

  '@rollup/rollup-win32-x64-gnu@4.55.2':
    resolution: {integrity: sha512-KvXsBvp13oZz9JGe5NYS7FNizLe99Ny+W8ETsuCyjXiKdiGrcz2/J/N8qxZ/RSwivqjQguug07NLHqrIHrqfYw==}
    cpu: [x64]
    os: [win32]

  '@rollup/rollup-win32-x64-msvc@4.55.2':
    resolution: {integrity: sha512-xNO+fksQhsAckRtDSPWaMeT1uIM+JrDRXlerpnWNXhn1TdB3YZ6uKBMBTKP0eX9XtYEP978hHk1f8332i2AW8Q==}
    cpu: [x64]
    os: [win32]

  '@types/estree@1.0.8':
    resolution: {integrity: sha512-dWHzHa2WqEXI/O1E9OjrocMTKJl2mSrEolh1Iomrv6U+JuNwaHXsXx9bLu5gG7BUWFIN0skIQJQ/L1rIex4X6w==}

  '@types/resolve@1.20.2':
    resolution: {integrity: sha512-60BCwRFOZCQhDncwQdxxeOEEkbc5dIMccYLwbxsS4TUNeVECQ/pBJ0j09mrHOl/JJvpRPGwO9SvE4nR2Nb/a4Q==}

  acorn@8.15.0:
    resolution: {integrity: sha512-NZyJarBfL7nWwIq+FDL6Zp/yHEhePMNnnJ0y3qfieCrmNvYct8uvtiV41UvlSe6apAfk0fY1FbWx+NwfmpvtTg==}
    engines: {node: '>=0.4.0'}
    hasBin: true

  aws4fetch@1.0.20:
    resolution: {integrity: sha512-/djoAN709iY65ETD6LKCtyyEI04XIBP5xVvfmNxsEP0uJB5tyaGBztSryRr4HqMStr9R06PisQE7m9zDTXKu6g==}

  buffer-from@1.1.2:
    resolution: {integrity: sha512-E+XQCRwSbaaiChtv6k6Dwgc+bx+Bs6vuKJHHl5kox/BaKbhiXzqQOwK4cO22yElGp2OCmjwVhT3HmxgyPGnJfQ==}

  commander@2.20.3:
    resolution: {integrity: sha512-GpVkmM8vF2vQUkj2LvZmD35JxeJOLCwJ9cUkugyk2nuhbv3+mJvpLYYt+0+USMxE+oj+ey/lJEnhZw75x/OMcQ==}

  commondir@1.0.1:
    resolution: {integrity: sha512-W9pAhw0ja1Edb5GVdIF1mjZw/ASI0AlShXM83UUGe2DVr5TdAPEA1OA8m/g8zWp9x6On7gqufY+FatDbC3MDQg==}

  deepmerge@4.3.1:
    resolution: {integrity: sha512-3sUqbMEc77XqpdNO7FRyRog+eW3ph+GYCbj+rK+uYyRMuwsVy0rMiVtPn+QJlKFvWP/1PYpapqYn0Me2knFn+A==}
    engines: {node: '>=0.10.0'}

  estree-walker@0.6.1:
    resolution: {integrity: sha512-SqmZANLWS0mnatqbSfRP5g8OXZC12Fgg1IwNtLsyHDzJizORW4khDfjPqJZsemPWBB2uqykUah5YpQ6epsqC/w==}

  estree-walker@2.0.2:
    resolution: {integrity: sha512-Rfkk/Mp/DL7JVje3u18FxFujQlTNR2q6QfMSMB7AvCBx91NGj/ba3kCfza0f6dVDbw7YlRf/nDrn7pQrCCyQ/w==}

  fdir@6.4.6:
    resolution: {integrity: sha512-hiFoqpyZcfNm1yc4u8oWCf9A2c4D3QjCrks3zmoVKVxpQRzmPNar1hUJcBG2RQHvEVGDN+Jm81ZheVLAQMK6+w==}
    peerDependencies:
      picomatch: ^3 || ^4
    peerDependenciesMeta:
      picomatch:
        optional: true

  fsevents@2.3.3:
    resolution: {integrity: sha512-5xoDfX+fL7faATnagmWPpbFtwh/R77WmMMqqHGS65C3vvB0YHrgF+B1YmZ3441tMj5n63k0212XNoJwzlhffQw==}
    engines: {node: ^8.16.0 || ^10.6.0 || >=11.0.0}
    os: [darwin]

  function-bind@1.1.2:
    resolution: {integrity: sha512-7XHNxH7qX9xG5mIwxkhumTox/MIRNcOgDrxWsMt2pAr23WHp6MrRlN7FBSFpCpr+oVO0F744iUgR82nJMfG2SA==}

  hasown@2.0.2:
    resolution: {integrity: sha512-0hJU9SCPvmMzIBdZFqNPXWa6dqh7WdH0cII9y+CyS8rG3nL48Bclra9HmKhVVUHyPWNH5Y7xDwAB7bfgSjkUMQ==}
    engines: {node: '>= 0.4'}

  is-core-module@2.16.1:
    resolution: {integrity: sha512-UfoeMA6fIJ8wTYFEUjelnaGI67v6+N7qXJEvQuIGa99l4xsCruSYOVSQ0uPANn4dAzm8lkYPaKLrrijLq7x23w==}
    engines: {node: '>= 0.4'}

  is-module@1.0.0:
    resolution: {integrity: sha512-51ypPSPCoTEIN9dy5Oy+h4pShgJmPCygKfyRCISBI+JoWT/2oJvK8QPxmwv7b/p239jXrm9M1mlQbyKJ5A152g==}

  is-reference@1.2.1:
    resolution: {integrity: sha512-U82MsXXiFIrjCK4otLT+o2NA2Cd2g5MLoOVXUZjIOhLurrRxpEXzI8O0KZHr3IjLvlAH1kTPYSuqer5T9ZVBKQ==}

  js-cleanup@1.2.0:
    resolution: {integrity: sha512-JeDD0yiiSt80fXzAVa/crrS0JDPQljyBG/RpOtaSbyDq03VHa9szJWMaWOYU/bcTn412uMN2MxApXq8v79cUiQ==}
    engines: {node: ^10.14.2 || >=12.0.0}

  magic-string@0.25.9:
    resolution: {integrity: sha512-RmF0AsMzgt25qzqqLc1+MbHmhdx0ojF2Fvs4XnOqz2ZOBXzzkEwc/dJQZCYHAn7v1jbVOjAZfK8msRn4BxO4VQ==}

  magic-string@0.30.17:
    resolution: {integrity: sha512-sNPKHvyjVf7gyjwS4xGTaW/mCnF8wnjtifKBEhxfZ7E/S8tQ0rssrwGNn6q8JH/ohItJfSQp9mBtQYuTlH5QnA==}

  path-parse@1.0.7:
    resolution: {integrity: sha512-LDJzPVEEEPR+y48z93A0Ed0yXb8pAByGWo/k5YYdYgpY2/2EsOsksJrq7lOHxryrVOn1ejG6oAp8ahvOIQD8sw==}

  perf-regexes@1.0.1:
    resolution: {integrity: sha512-L7MXxUDtqr4PUaLFCDCXBfGV/6KLIuSEccizDI7JxT+c9x1G1v04BQ4+4oag84SHaCdrBgQAIs/Cqn+flwFPng==}
    engines: {node: '>=6.14'}

  picomatch@4.0.3:
    resolution: {integrity: sha512-5gTmgEY/sqK6gFXLIsQNH19lWb4ebPDLA4SdLP7dsWkIXHWlG66oPuVvXSGFPppYZz8ZDZq0dYYrbHfBCVUb1Q==}
    engines: {node: '>=12'}

  prettier@3.8.0:
    resolution: {integrity: sha512-yEPsovQfpxYfgWNhCfECjG5AQaO+K3dp6XERmOepyPDVqcJm+bjyCVO3pmU+nAPe0N5dDvekfGezt/EIiRe1TA==}
    engines: {node: '>=14'}
    hasBin: true

  randombytes@2.1.0:
    resolution: {integrity: sha512-vYl3iOX+4CKUWuxGi9Ukhie6fsqXqS9FE2Zaic4tNFD2N2QQaXOMFbuKK4QmDHC0JO6B1Zp41J0LpT0oR68amQ==}

  resolve@1.22.10:
    resolution: {integrity: sha512-NPRy+/ncIMeDlTAsuqwKIiferiawhefFJtkNSW0qZJEqMEb+qBt/77B/jGeeek+F0uOeN05CDa6HXbbIgtVX4w==}
    engines: {node: '>= 0.4'}
    hasBin: true

  rollup-plugin-cleanup@3.2.1:
    resolution: {integrity: sha512-zuv8EhoO3TpnrU8MX8W7YxSbO4gmOR0ny06Lm3nkFfq0IVKdBUtHwhVzY1OAJyNCIAdLiyPnOrU0KnO0Fri1GQ==}
    engines: {node: ^10.14.2 || >=12.0.0}
    peerDependencies:
      rollup: '>=2.0'

  rollup-pluginutils@2.8.2:
    resolution: {integrity: sha512-EEp9NhnUkwY8aif6bxgovPHMoMoNr2FulJziTndpt5H9RdwC47GSGuII9XxpSdzVGM0GWrNPHV6ie1LTNJPaLQ==}

  rollup@4.55.2:
    resolution: {integrity: sha512-PggGy4dhwx5qaW+CKBilA/98Ql9keyfnb7lh4SR6shQ91QQQi1ORJ1v4UinkdP2i87OBs9AQFooQylcrrRfIcg==}
    engines: {node: '>=18.0.0', npm: '>=8.0.0'}
    hasBin: true

  safe-buffer@5.2.1:
    resolution: {integrity: sha512-rp3So07KcdmmKbGvgaNxQSJr7bGVSVk5S9Eq1F+ppbRo70+YeaDxkw5Dd8NPN+GD6bjnYm2VuPuCXmpuYvmCXQ==}

  serialize-javascript@6.0.2:
    resolution: {integrity: sha512-Saa1xPByTTq2gdeFZYLLo+RFE35NHZkAbqZeWNd3BpzppeVisAqpDjcp8dyf6uIvEqJRd46jemmyA4iFIeVk8g==}

  skip-regex@1.0.2:
    resolution: {integrity: sha512-pEjMUbwJ5Pl/6Vn6FsamXHXItJXSRftcibixDmNCWbWhic0hzHrwkMZo0IZ7fMRH9KxcWDFSkzhccB4285PutA==}
    engines: {node: '>=4.2'}

  smob@1.5.0:
    resolution: {integrity: sha512-g6T+p7QO8npa+/hNx9ohv1E5pVCmWrVCUzUXJyLdMmftX6ER0oiWY/w9knEonLpnOp6b6FenKnMfR8gqwWdwig==}

  source-map-support@0.5.21:
    resolution: {integrity: sha512-uBHU3L3czsIyYXKX88fdrGovxdSCoTGDRZ6SYXtSRxLZUzHg5P/66Ht6uoUlHu9EZod+inXhKo3qQgwXUT/y1w==}

  source-map@0.6.1:
    resolution: {integrity: sha512-UjgapumWlbMhkBgzT7Ykc5YXUT46F0iKu8SGXq0bcwP5dz/h0Plj6enJqjz1Zbq2l5WaqYnrVbwWOWMyF3F47g==}
    engines: {node: '>=0.10.0'}

  sourcemap-codec@1.4.8:
    resolution: {integrity: sha512-9NykojV5Uih4lgo5So5dtw+f0JgJX30KCNI8gwhz2J9A15wD0Ml6tjHKwf6fTSa6fAdVBdZeNOs9eJ71qCk8vA==}
    deprecated: Please use @jridgewell/sourcemap-codec instead

  supports-preserve-symlinks-flag@1.0.0:
    resolution: {integrity: sha512-ot0WnXS9fgdkgIcePe6RHNk1WA8+muPa6cSjeR3V8K27q9BB1rTE3R1p7Hv0z1ZyAc8s6Vvv8DIyWf681MAt0w==}
    engines: {node: '>= 0.4'}

  terser@5.44.0:
    resolution: {integrity: sha512-nIVck8DK+GM/0Frwd+nIhZ84pR/BX7rmXMfYwyg+Sri5oGVE99/E3KvXqpC2xHFxyqXyGHTKBSioxxplrO4I4w==}
    engines: {node: '>=10'}
    hasBin: true

snapshots:

  '@adaptivelink/pops@0.5.8': {}

  '@jridgewell/gen-mapping@0.3.13':
    dependencies:
      '@jridgewell/sourcemap-codec': 1.5.0
      '@jridgewell/trace-mapping': 0.3.31

  '@jridgewell/resolve-uri@3.1.0': {}

  '@jridgewell/source-map@0.3.11':
    dependencies:
      '@jridgewell/gen-mapping': 0.3.13
      '@jridgewell/trace-mapping': 0.3.31

  '@jridgewell/sourcemap-codec@1.5.0': {}

  '@jridgewell/trace-mapping@0.3.31':
    dependencies:
      '@jridgewell/resolve-uri': 3.1.0
      '@jridgewell/sourcemap-codec': 1.5.0

  '@rollup/plugin-commonjs@28.0.8(rollup@4.55.2)':
    dependencies:
      '@rollup/pluginutils': 5.3.0(rollup@4.55.2)
      commondir: 1.0.1
      estree-walker: 2.0.2
      fdir: 6.4.6(picomatch@4.0.3)
      is-reference: 1.2.1
      magic-string: 0.30.17
      picomatch: 4.0.3
    optionalDependencies:
      rollup: 4.55.2

  '@rollup/plugin-node-resolve@16.0.3(rollup@4.55.2)':
    dependencies:
      '@rollup/pluginutils': 5.3.0(rollup@4.55.2)
      '@types/resolve': 1.20.2
      deepmerge: 4.3.1
      is-module: 1.0.0
      resolve: 1.22.10
    optionalDependencies:
      rollup: 4.55.2

  '@rollup/plugin-terser@0.4.4(rollup@4.55.2)':
    dependencies:
      serialize-javascript: 6.0.2
      smob: 1.5.0
      terser: 5.44.0
    optionalDependencies:
      rollup: 4.55.2

  '@rollup/pluginutils@5.3.0(rollup@4.55.2)':
    dependencies:
      '@types/estree': 1.0.8
      estree-walker: 2.0.2
      picomatch: 4.0.3
    optionalDependencies:
      rollup: 4.55.2

  '@rollup/rollup-android-arm-eabi@4.55.2':
    optional: true

  '@rollup/rollup-android-arm64@4.55.2':
    optional: true

  '@rollup/rollup-darwin-arm64@4.55.2':
    optional: true

  '@rollup/rollup-darwin-x64@4.55.2':
    optional: true

  '@rollup/rollup-freebsd-arm64@4.55.2':
    optional: true

  '@rollup/rollup-freebsd-x64@4.55.2':
    optional: true

  '@rollup/rollup-linux-arm-gnueabihf@4.55.2':
    optional: true

  '@rollup/rollup-linux-arm-musleabihf@4.55.2':
    optional: true

  '@rollup/rollup-linux-arm64-gnu@4.55.2':
    optional: true

  '@rollup/rollup-linux-arm64-musl@4.55.2':
    optional: true

  '@rollup/rollup-linux-loong64-gnu@4.55.2':
    optional: true

  '@rollup/rollup-linux-loong64-musl@4.55.2':
    optional: true

  '@rollup/rollup-linux-ppc64-gnu@4.55.2':
    optional: true

  '@rollup/rollup-linux-ppc64-musl@4.55.2':
    optional: true

  '@rollup/rollup-linux-riscv64-gnu@4.55.2':
    optional: true

  '@rollup/rollup-linux-riscv64-musl@4.55.2':
    optional: true

  '@rollup/rollup-linux-s390x-gnu@4.55.2':
    optional: true

  '@rollup/rollup-linux-x64-gnu@4.55.2':
    optional: true

  '@rollup/rollup-linux-x64-musl@4.55.2':
    optional: true

  '@rollup/rollup-openbsd-x64@4.55.2':
    optional: true

  '@rollup/rollup-openharmony-arm64@4.55.2':
    optional: true

  '@rollup/rollup-win32-arm64-msvc@4.55.2':
    optional: true

  '@rollup/rollup-win32-ia32-msvc@4.55.2':
    optional: true

  '@rollup/rollup-win32-x64-gnu@4.55.2':
    optional: true

  '@rollup/rollup-win32-x64-msvc@4.55.2':
    optional: true

  '@types/estree@1.0.8': {}

  '@types/resolve@1.20.2': {}

  acorn@8.15.0: {}

  aws4fetch@1.0.20: {}

  buffer-from@1.1.2: {}

  commander@2.20.3: {}

  commondir@1.0.1: {}

  deepmerge@4.3.1: {}

  estree-walker@0.6.1: {}

  estree-walker@2.0.2: {}

  fdir@6.4.6(picomatch@4.0.3):
    optionalDependencies:
      picomatch: 4.0.3

  fsevents@2.3.3:
    optional: true

  function-bind@1.1.2: {}

  hasown@2.0.2:
    dependencies:
      function-bind: 1.1.2

  is-core-module@2.16.1:
    dependencies:
      hasown: 2.0.2

  is-module@1.0.0: {}

  is-reference@1.2.1:
    dependencies:
      '@types/estree': 1.0.8

  js-cleanup@1.2.0:
    dependencies:
      magic-string: 0.25.9
      perf-regexes: 1.0.1
      skip-regex: 1.0.2

  magic-string@0.25.9:
    dependencies:
      sourcemap-codec: 1.4.8

  magic-string@0.30.17:
    dependencies:
      '@jridgewell/sourcemap-codec': 1.5.0

  path-parse@1.0.7: {}

  perf-regexes@1.0.1: {}

  picomatch@4.0.3: {}

  prettier@3.8.0: {}

  randombytes@2.1.0:
    dependencies:
      safe-buffer: 5.2.1

  resolve@1.22.10:
    dependencies:
      is-core-module: 2.16.1
      path-parse: 1.0.7
      supports-preserve-symlinks-flag: 1.0.0

  rollup-plugin-cleanup@3.2.1(rollup@4.55.2):
    dependencies:
      js-cleanup: 1.2.0
      rollup: 4.55.2
      rollup-pluginutils: 2.8.2

  rollup-pluginutils@2.8.2:
    dependencies:
      estree-walker: 0.6.1

  rollup@4.55.2:
    dependencies:
      '@types/estree': 1.0.8
    optionalDependencies:
      '@rollup/rollup-android-arm-eabi': 4.55.2
      '@rollup/rollup-android-arm64': 4.55.2
      '@rollup/rollup-darwin-arm64': 4.55.2
      '@rollup/rollup-darwin-x64': 4.55.2
      '@rollup/rollup-freebsd-arm64': 4.55.2
      '@rollup/rollup-freebsd-x64': 4.55.2
      '@rollup/rollup-linux-arm-gnueabihf': 4.55.2
      '@rollup/rollup-linux-arm-musleabihf': 4.55.2
      '@rollup/rollup-linux-arm64-gnu': 4.55.2
      '@rollup/rollup-linux-arm64-musl': 4.55.2
      '@rollup/rollup-linux-loong64-gnu': 4.55.2
      '@rollup/rollup-linux-loong64-musl': 4.55.2
      '@rollup/rollup-linux-ppc64-gnu': 4.55.2
      '@rollup/rollup-linux-ppc64-musl': 4.55.2
      '@rollup/rollup-linux-riscv64-gnu': 4.55.2
      '@rollup/rollup-linux-riscv64-musl': 4.55.2
      '@rollup/rollup-linux-s390x-gnu': 4.55.2
      '@rollup/rollup-linux-x64-gnu': 4.55.2
      '@rollup/rollup-linux-x64-musl': 4.55.2
      '@rollup/rollup-openbsd-x64': 4.55.2
      '@rollup/rollup-openharmony-arm64': 4.55.2
      '@rollup/rollup-win32-arm64-msvc': 4.55.2
      '@rollup/rollup-win32-ia32-msvc': 4.55.2
      '@rollup/rollup-win32-x64-gnu': 4.55.2
      '@rollup/rollup-win32-x64-msvc': 4.55.2
      fsevents: 2.3.3

  safe-buffer@5.2.1: {}

  serialize-javascript@6.0.2:
    dependencies:
      randombytes: 2.1.0

  skip-regex@1.0.2: {}

  smob@1.5.0: {}

  source-map-support@0.5.21:
    dependencies:
      buffer-from: 1.1.2
      source-map: 0.6.1

  source-map@0.6.1: {}

  sourcemap-codec@1.4.8: {}

  supports-preserve-symlinks-flag@1.0.0: {}

  terser@5.44.0:
    dependencies:
      '@jridgewell/source-map': 0.3.11
      acorn: 8.15.0
      commander: 2.20.3
      source-map-support: 0.5.21
